
Microsoft Visual Studio Solution File, Format Version 12.00
# Visual Studio Version 17
VisualStudioVersion = 17.13.35806.99 d17.13
MinimumVisualStudioVersion = 10.0.40219.1
Project("{FAE04EC0-301F-11D3-BF4B-00C04F79EFBC}") = "Cdk", "Cdk.csproj", "{6A809A03-7D07-445E-9598-0E54C4AA4AF9}"
EndProject
Global
	GlobalSection(SolutionConfigurationPlatforms) = preSolution
		Debug|Any CPU = Debug|Any CPU
		Release|Any CPU = Release|Any CPU
	EndGlobalSection
	GlobalSection(ProjectConfigurationPlatforms) = postSolution
		{6A809A03-7D07-445E-9598-0E54C4AA4AF9}.Debug|Any CPU.ActiveCfg = Debug|Any CPU
		{6A809A03-7D07-445E-9598-0E54C4AA4AF9}.Debug|Any CPU.Build.0 = Debug|Any CPU
		{6A809A03-7D07-445E-9598-0E54C4AA4AF9}.Release|Any CPU.ActiveCfg = Release|Any CPU
		{6A809A03-7D07-445E-9598-0E54C4AA4AF9}.Release|Any CPU.Build.0 = Release|Any CPU
	EndGlobalSection
	GlobalSection(SolutionProperties) = preSolution
		HideSolutionNode = FALSE
	EndGlobalSection
	GlobalSection(ExtensibilityGlobals) = postSolution
		SolutionGuid = {6B659125-1BCC-4500-BE99-C22E70A98790}
	EndGlobalSection
EndGlobal
